PODS:
  - BZLib (0.6.0):
    - Masonry
  - Masonry (1.1.0)

DEPENDENCIES:
  - BZLib (from `../`)

SPEC REPOS:
  trunk:
    - Masonry

EXTERNAL SOURCES:
  BZLib:
    :path: "../"

SPEC CHECKSUMS:
  BZLib: 02aa3fdcbc0faeb4f80a958d1b7f8c8a8795bc82
  Masonry: 678fab65091a9290e40e2832a55e7ab731aad201

PODFILE CHECKSUM: 8288f54c43a843b7077982e56a62958fe3bb1bf9

COCOAPODS: 1.10.1
